{
  "name": "interactive-adventure",
  "lockfileVersion": 3,
  "requires": true,
  "packages": {
    "": {
      "dependencies": {
        "framer-motion": "^11.16.0",
        "react-hot-toast": "^2.5.1",
        "react-intersection-observer": "^9.14.1",
        "react-router-dom": "^7.1.1"
      }
    },
    "node_modules/@types/cookie": {
      "version": "0.6.0",
      "resolved": "https://registry.npmjs.org/@types/cookie/-/cookie-0.6.0.tgz",
      "integrity": "sha512-4Kh9a6B2bQciAhf7FSuMRRkUWecJgJu9nPnx3yzpsfXX/c50REIqpHY4C82bXP90qrLtXtkDxTZosYO3UpOwlA==",
      "license": "MIT"
    },
    "node_modules/cookie": {
      "version": "1.0.2",
      "resolved": "https://registry.npmjs.org/cookie/-/cookie-1.0.2.tgz",
      "integrity": "sha512-9Kr/j4O16ISv8zBBhJoi4bXOYNTkFLOqSL3UDB0njXxCXNezjeyVrJyGOWtgfs/q2km1gwBcfH8q1yEGoMYunA==",
      "license": "MIT",
      "engines": {
        "node": ">=18"
      }
    },
    "node_modules/csstype": {
      "version": "3.1.3",
      "resolved": "https://registry.npmjs.org/csstype/-/csstype-3.1.3.tgz",
      "integrity": "sha512-M1uQkMl8rQK/szD0LNhtqxIPLpimGm8sOBwU7lLnCpSbTyY3yeU1Vc7l4KT5zT4s/yOxHH5O7tIuuLOCnLADRw==",
      "license": "MIT"
    },
    "node_modules/framer-motion": {
      "version": "11.16.0",
      "resolved": "https://registry.npmjs.org/framer-motion/-/framer-motion-11.16.0.tgz",
      "integrity": "sha512-oL2AWqLQuw0+CNEUa0sz3mWC/n3i147CckvpQn8bLRs30b+HxTxlRi0YR2FpHHhAbWV7DKjNdHU42KHLfBWh/g==",
      "license": "MIT",
      "dependencies": {
        "motion-dom": "^11.16.0",
        "motion-utils": "^11.16.0",
        "tslib": "^2.4.0"
      },
      "peerDependencies": {
        "@emotion/is-prop-valid": "*",
        "react": "^18.0.0 || ^19.0.0",
        "react-dom": "^18.0.0 || ^19.0.0"
      },
      "peerDependenciesMeta": {
        "@emotion/is-prop-valid": {
          "optional": true
        },
        "react": {
          "optional": true
        },
        "react-dom": {
          "optional": true
        }
      }
    },
    "node_modules/goober": {
      "version": "2.1.16",
      "resolved": "https://registry.npmjs.org/goober/-/goober-2.1.16.tgz",
      "integrity": "sha512-erjk19y1U33+XAMe1VTvIONHYoSqE4iS7BYUZfHaqeohLmnC0FdxEh7rQU+6MZ4OajItzjZFSRtVANrQwNq6/g==",
      "license": "MIT",
      "peerDependencies": {
        "csstype": "^3.0.10"
      }
    },
    "node_modules/motion-dom": {
      "version": "11.16.0",
      "resolved": "https://registry.npmjs.org/motion-dom/-/motion-dom-11.16.0.tgz",
      "integrity": "sha512-4bmEwajSdrljzDAYpu6ceEdtI4J5PH25fmN8YSx7Qxk6OMrC10CXM0D5y+VO/pFZjhmCvm2bGf7Rus482kwhzA==",
      "license": "MIT",
      "dependencies": {
        "motion-utils": "^11.16.0"
      }
    },
    "node_modules/motion-utils": {
      "version": "11.16.0",
      "resolved": "https://registry.npmjs.org/motion-utils/-/motion-utils-11.16.0.tgz",
      "integrity": "sha512-ngdWPjg31rD4WGXFi0eZ00DQQqKKu04QExyv/ymlC+3k+WIgYVFbt6gS5JsFPbJODTF/r8XiE/X+SsoT9c0ocw==",
      "license": "MIT"
    },
    "node_modules/react": {
      "version": "19.0.0",
      "resolved": "https://registry.npmjs.org/react/-/react-19.0.0.tgz",
      "integrity": "sha512-V8AVnmPIICiWpGfm6GLzCR/W5FXLchHop40W4nXBmdlEceh16rCN8O8LNWm5bh5XUX91fh7KpA+W0TgMKmgTpQ==",
      "license": "MIT",
      "peer": true,
      "engines": {
        "node": ">=0.10.0"
      }
    },
    "node_modules/react-dom": {
      "version": "19.0.0",
      "resolved": "https://registry.npmjs.org/react-dom/-/react-dom-19.0.0.tgz",
      "integrity": "sha512-4GV5sHFG0e/0AD4X+ySy6UJd3jVl1iNsNHdpad0qhABJ11twS3TTBnseqsKurKcsNqCEFeGL3uLpVChpIO3QfQ==",
      "license": "MIT",
      "peer": true,
      "dependencies": {
        "scheduler": "^0.25.0"
      },
      "peerDependencies": {
        "react": "^19.0.0"
      }
    },
    "node_modules/react-hot-toast": {
      "version": "2.5.1",
      "resolved": "https://registry.npmjs.org/react-hot-toast/-/react-hot-toast-2.5.1.tgz",
      "integrity": "sha512-54Gq1ZD1JbmAb4psp9bvFHjS7lje+8ubboUmvKZkCsQBLH6AOpZ9JemfRvIdHcfb9AZXRaFLrb3qUobGYDJhFQ==",
      "license": "MIT",
      "dependencies": {
        "csstype": "^3.1.3",
        "goober": "^2.1.16"
      },
      "engines": {
        "node": ">=10"
      },
      "peerDependencies": {
        "react": ">=16",
        "react-dom": ">=16"
      }
    },
    "node_modules/react-intersection-observer": {
      "version": "9.14.1",
      "resolved": "https://registry.npmjs.org/react-intersection-observer/-/react-intersection-observer-9.14.1.tgz",
      "integrity": "sha512-k1xIUn3sCQi3ugNeF64FJb3zwve5mcetvAUR9JazXeOmtap4IP2evN8rs+yf6SQ7F1QydsOGiqTmt+lySKZ9uA==",
      "license": "MIT",
      "peerDependencies": {
        "react": "^17.0.0 || ^18.0.0 || ^19.0.0",
        "react-dom": "^17.0.0 || ^18.0.0 || ^19.0.0"
      },
      "peerDependenciesMeta": {
        "react-dom": {
          "optional": true
        }
      }
    },
    "node_modules/react-router": {
      "version": "7.1.1",
      "resolved": "https://registry.npmjs.org/react-router/-/react-router-7.1.1.tgz",
      "integrity": "sha512-39sXJkftkKWRZ2oJtHhCxmoCrBCULr/HAH4IT5DHlgu/Q0FCPV0S4Lx+abjDTx/74xoZzNYDYbOZWlJjruyuDQ==",
      "license": "MIT",
      "dependencies": {
        "@types/cookie": "^0.6.0",
        "cookie": "^1.0.1",
        "set-cookie-parser": "^2.6.0",
        "turbo-stream": "2.4.0"
      },
      "engines": {
        "node": ">=20.0.0"
      },
      "peerDependencies": {
        "react": ">=18",
        "react-dom": ">=18"
      },
      "peerDependenciesMeta": {
        "react-dom": {
          "optional": true
        }
      }
    },
    "node_modules/react-router-dom": {
      "version": "7.1.1",
      "resolved": "https://registry.npmjs.org/react-router-dom/-/react-router-dom-7.1.1.tgz",
      "integrity": "sha512-vSrQHWlJ5DCfyrhgo0k6zViOe9ToK8uT5XGSmnuC2R3/g261IdIMpZVqfjD6vWSXdnf5Czs4VA/V60oVR6/jnA==",
      "license": "MIT",
      "dependencies": {
        "react-router": "7.1.1"
      },
      "engines": {
        "node": ">=20.0.0"
      },
      "peerDependencies": {
        "react": ">=18",
        "react-dom": ">=18"
      }
    },
    "node_modules/scheduler": {
      "version": "0.25.0",
      "resolved": "https://registry.npmjs.org/scheduler/-/scheduler-0.25.0.tgz",
      "integrity": "sha512-xFVuu11jh+xcO7JOAGJNOXld8/TcEHK/4CituBUeUb5hqxJLj9YuemAEuvm9gQ/+pgXYfbQuqAkiYu+u7YEsNA==",
      "license": "MIT",
      "peer": true
    },
    "node_modules/set-cookie-parser": {
      "version": "2.7.1",
      "resolved": "https://registry.npmjs.org/set-cookie-parser/-/set-cookie-parser-2.7.1.tgz",
      "integrity": "sha512-IOc8uWeOZgnb3ptbCURJWNjWUPcO3ZnTTdzsurqERrP6nPyv+paC55vJM0LpOlT2ne+Ix+9+CRG1MNLlyZ4GjQ==",
      "license": "MIT"
    },
    "node_modules/tslib": {
      "version": "2.8.1",
      "resolved": "https://registry.npmjs.org/tslib/-/tslib-2.8.1.tgz",
      "integrity": "sha512-oJFu94HQb+KVduSUQL7wnpmqnfmLsOA/nAh6b6EH0wCEoK0/mPeXU6c3wKDV83MkOuHPRHtSXKKU99IBazS/2w==",
      "license": "0BSD"
    },
    "node_modules/turbo-stream": {
      "version": "2.4.0",
      "resolved": "https://registry.npmjs.org/turbo-stream/-/turbo-stream-2.4.0.tgz",
      "integrity": "sha512-FHncC10WpBd2eOmGwpmQsWLDoK4cqsA/UT/GqNoaKOQnT8uzhtCbg3EoUDMvqpOSAI0S26mr0rkjzbOO6S3v1g==",
      "license": "ISC"
    }
  }
}
